
Microsoft Visual Studio Solution File, Format Version 12.00
# Visual Studio Version 17
VisualStudioVersion = 17.3.32819.101
MinimumVisualStudioVersion = 10.0.40219.1
Project("{9A19103F-16F7-4668-BE54-9A1E7A4F7556}") = "Core_Basics_Middlewares", "MyFirstCoreApp\Core_Basics_Middlewares.csproj", "{CA09A221-3487-4EBE-B60F-679A0537B9B7}"
EndProject
Global
	GlobalSection(SolutionConfigurationPlatforms) = preSolution
		Debug|Any CPU = Debug|Any CPU
		Release|Any CPU = Release|Any CPU
	EndGlobalSection
	GlobalSection(ProjectConfigurationPlatforms) = postSolution
		{CA09A221-3487-4EBE-B60F-679A0537B9B7}.Debug|Any CPU.ActiveCfg = Debug|Any CPU
		{CA09A221-3487-4EBE-B60F-679A0537B9B7}.Debug|Any CPU.Build.0 = Debug|Any CPU
		{CA09A221-3487-4EBE-B60F-679A0537B9B7}.Release|Any CPU.ActiveCfg = Release|Any CPU
		{CA09A221-3487-4EBE-B60F-679A0537B9B7}.Release|Any CPU.Build.0 = Release|Any CPU
	EndGlobalSection
	GlobalSection(SolutionProperties) = preSolution
		HideSolutionNode = FALSE
	EndGlobalSection
	GlobalSection(ExtensibilityGlobals) = postSolution
		SolutionGuid = {885EE329-A58C-406F-8BCA-170776AF4B95}
	EndGlobalSection
EndGlobal
